{
    "_readme": [
        "This file locks the dependencies of your project to a known state",
        "Read more about it at https://getcomposer.org/doc/01-basic-usage.md#composer-lock-the-lock-file",
        "This file is @generated automatically"
    ],
    "content-hash": "5dd2ce937e642eeb127f6f11ebcd55fe",
    "packages": [
        {
            "name": "fanucchi/router",
            "version": "dev-master",
            "source": {
                "type": "git",
                "url": "https://github.com/douglasfanucchi/router.git",
                "reference": "df327aef26e2e9b2107095adbcbf3dbea30dc7ca"
            },
            "dist": {
                "type": "zip",
                "url": "https://api.github.com/repos/douglasfanucchi/router/zipball/df327aef26e2e9b2107095adbcbf3dbea30dc7ca",
                "reference": "df327aef26e2e9b2107095adbcbf3dbea30dc7ca",
                "shasum": ""
            },
            "type": "library",
            "autoload": {
                "psr-4": {
                    "fanucchi\\Router\\": "src"
                }
            },
            "notification-url": "https://packagist.org/downloads/",
            "license": [
                "MIT"
            ],
            "authors": [
                {
                    "name": "Douglas Fanucchi",
                    "email": "douglasfanucchi@gmail.com"
                }
            ],
            "description": "MVC router system",
            "time": "2019-07-20T11:54:30+00:00"
        }
    ],
    "packages-dev": [],
    "aliases": [],
    "minimum-stability": "dev",
    "stability-flags": {
        "fanucchi/router": 20
    },
    "prefer-stable": false,
    "prefer-lowest": false,
    "platform": [],
    "platform-dev": []
}
